
Microsoft Visual Studio Solution File, Format Version 12.00
# Visual Studio Version 17
VisualStudioVersion = 17.0.31903.59
MinimumVisualStudioVersion = 10.0.40219.1
Project("{FAE04EC0-301F-11D3-BF4B-00C04F79EFBC}") = "MiniCloudConsole.Api", "MiniCloudConsole.Api\MiniCloudConsole.Api.csproj", "{F2DE43DB-915B-469C-8474-CC4CF99BA449}"
EndProject
Project("{FAE04EC0-301F-11D3-BF4B-00C04F79EFBC}") = "MiniCloudConsole.Data", "MiniCloudConsole.Data\MiniCloudConsole.Data.csproj", "{65A66DF0-8CCC-45A2-8F28-C7E171D4076C}"
EndProject
Project("{FAE04EC0-301F-11D3-BF4B-00C04F79EFBC}") = "MiniCloudConsole.Domain", "MiniCloudConsole.Domain\MiniCloudConsole.Domain.csproj", "{F6404833-525B-45BE-BEDC-9591FA3D5D83}"
EndProject
Global
	GlobalSection(SolutionConfigurationPlatforms) = preSolution
		Debug|Any CPU = Debug|Any CPU
		Debug|x64 = Debug|x64
		Debug|x86 = Debug|x86
		Release|Any CPU = Release|Any CPU
		Release|x64 = Release|x64
		Release|x86 = Release|x86
	EndGlobalSection
	GlobalSection(ProjectConfigurationPlatforms) = postSolution
		{F2DE43DB-915B-469C-8474-CC4CF99BA449}.Debug|Any CPU.ActiveCfg = Debug|Any CPU
		{F2DE43DB-915B-469C-8474-CC4CF99BA449}.Debug|Any CPU.Build.0 = Debug|Any CPU
		{F2DE43DB-915B-469C-8474-CC4CF99BA449}.Debug|x64.ActiveCfg = Debug|Any CPU
		{F2DE43DB-915B-469C-8474-CC4CF99BA449}.Debug|x64.Build.0 = Debug|Any CPU
		{F2DE43DB-915B-469C-8474-CC4CF99BA449}.Debug|x86.ActiveCfg = Debug|Any CPU
		{F2DE43DB-915B-469C-8474-CC4CF99BA449}.Debug|x86.Build.0 = Debug|Any CPU
		{F2DE43DB-915B-469C-8474-CC4CF99BA449}.Release|Any CPU.ActiveCfg = Release|Any CPU
		{F2DE43DB-915B-469C-8474-CC4CF99BA449}.Release|Any CPU.Build.0 = Release|Any CPU
		{F2DE43DB-915B-469C-8474-CC4CF99BA449}.Release|x64.ActiveCfg = Release|Any CPU
		{F2DE43DB-915B-469C-8474-CC4CF99BA449}.Release|x64.Build.0 = Release|Any CPU
		{F2DE43DB-915B-469C-8474-CC4CF99BA449}.Release|x86.ActiveCfg = Release|Any CPU
		{F2DE43DB-915B-469C-8474-CC4CF99BA449}.Release|x86.Build.0 = Release|Any CPU
		{65A66DF0-8CCC-45A2-8F28-C7E171D4076C}.Debug|Any CPU.ActiveCfg = Debug|Any CPU
		{65A66DF0-8CCC-45A2-8F28-C7E171D4076C}.Debug|Any CPU.Build.0 = Debug|Any CPU
		{65A66DF0-8CCC-45A2-8F28-C7E171D4076C}.Debug|x64.ActiveCfg = Debug|Any CPU
		{65A66DF0-8CCC-45A2-8F28-C7E171D4076C}.Debug|x64.Build.0 = Debug|Any CPU
		{65A66DF0-8CCC-45A2-8F28-C7E171D4076C}.Debug|x86.ActiveCfg = Debug|Any CPU
		{65A66DF0-8CCC-45A2-8F28-C7E171D4076C}.Debug|x86.Build.0 = Debug|Any CPU
		{65A66DF0-8CCC-45A2-8F28-C7E171D4076C}.Release|Any CPU.ActiveCfg = Release|Any CPU
		{65A66DF0-8CCC-45A2-8F28-C7E171D4076C}.Release|Any CPU.Build.0 = Release|Any CPU
		{65A66DF0-8CCC-45A2-8F28-C7E171D4076C}.Release|x64.ActiveCfg = Release|Any CPU
		{65A66DF0-8CCC-45A2-8F28-C7E171D4076C}.Release|x64.Build.0 = Release|Any CPU
		{65A66DF0-8CCC-45A2-8F28-C7E171D4076C}.Release|x86.ActiveCfg = Release|Any CPU
		{65A66DF0-8CCC-45A2-8F28-C7E171D4076C}.Release|x86.Build.0 = Release|Any CPU
		{F6404833-525B-45BE-BEDC-9591FA3D5D83}.Debug|Any CPU.ActiveCfg = Debug|Any CPU
		{F6404833-525B-45BE-BEDC-9591FA3D5D83}.Debug|Any CPU.Build.0 = Debug|Any CPU
		{F6404833-525B-45BE-BEDC-9591FA3D5D83}.Debug|x64.ActiveCfg = Debug|Any CPU
		{F6404833-525B-45BE-BEDC-9591FA3D5D83}.Debug|x64.Build.0 = Debug|Any CPU
		{F6404833-525B-45BE-BEDC-9591FA3D5D83}.Debug|x86.ActiveCfg = Debug|Any CPU
		{F6404833-525B-45BE-BEDC-9591FA3D5D83}.Debug|x86.Build.0 = Debug|Any CPU
		{F6404833-525B-45BE-BEDC-9591FA3D5D83}.Release|Any CPU.ActiveCfg = Release|Any CPU
		{F6404833-525B-45BE-BEDC-9591FA3D5D83}.Release|Any CPU.Build.0 = Release|Any CPU
		{F6404833-525B-45BE-BEDC-9591FA3D5D83}.Release|x64.ActiveCfg = Release|Any CPU
		{F6404833-525B-45BE-BEDC-9591FA3D5D83}.Release|x64.Build.0 = Release|Any CPU
		{F6404833-525B-45BE-BEDC-9591FA3D5D83}.Release|x86.ActiveCfg = Release|Any CPU
		{F6404833-525B-45BE-BEDC-9591FA3D5D83}.Release|x86.Build.0 = Release|Any CPU
	EndGlobalSection
	GlobalSection(SolutionProperties) = preSolution
		HideSolutionNode = FALSE
	EndGlobalSection
EndGlobal
